
Microsoft Visual Studio Solution File, Format Version 12.00
# Visual Studio Version 16
VisualStudioVersion = 16.0.31129.286
MinimumVisualStudioVersion = 10.0.40219.1
Project("{FAE04EC0-301F-11D3-BF4B-00C04F79EFBC}") = "ConsoleApp1", "ConsoleApp1\ConsoleApp1.csproj", "{BD011D35-CF61-4A8E-B68B-2374E786B6F8}"
EndProject
Global
	GlobalSection(SolutionConfigurationPlatforms) = preSolution
		Debug|Any CPU = Debug|Any CPU
		Release|Any CPU = Release|Any CPU
	EndGlobalSection
	GlobalSection(ProjectConfigurationPlatforms) = postSolution
		{BD011D35-CF61-4A8E-B68B-2374E786B6F8}.Debug|Any CPU.ActiveCfg = Debug|Any CPU
		{BD011D35-CF61-4A8E-B68B-2374E786B6F8}.Debug|Any CPU.Build.0 = Debug|Any CPU
		{BD011D35-CF61-4A8E-B68B-2374E786B6F8}.Release|Any CPU.ActiveCfg = Release|Any CPU
		{BD011D35-CF61-4A8E-B68B-2374E786B6F8}.Release|Any CPU.Build.0 = Release|Any CPU
	EndGlobalSection
	GlobalSection(SolutionProperties) = preSolution
		HideSolutionNode = FALSE
	EndGlobalSection
	GlobalSection(ExtensibilityGlobals) = postSolution
		SolutionGuid = {E618BBD9-5F72-4CD6-B8C1-9F3E70960852}
	EndGlobalSection
EndGlobal
